
Microsoft Visual Studio Solution File, Format Version 12.00
Project("{FAE04EC0-301F-11D3-BF4B-00C04F79EFBC}") = "TodoListAPI", "API\TodoListAPI\TodoListAPI.csproj", "{9165BFE1-5B4C-477B-AA8B-CB31015236D7}"
EndProject
Project("{FAE04EC0-301F-11D3-BF4B-00C04F79EFBC}") = "AzureAdInfrastructure", "Infrastructure\AzureAdInfrastructure.csproj", "{51462087-40A6-405B-843B-845FBEC9606B}"
EndProject
Project("{2150E333-8FDC-42A3-9474-1A3956D46DE8}") = "Support", "Support", "{C3168194-3D7C-4548-9350-7111FB2FE003}"
	ProjectSection(SolutionItems) = preProject
		README.md = README.md
	EndProjectSection
EndProject
Global
	GlobalSection(SolutionConfigurationPlatforms) = preSolution
		Debug|Any CPU = Debug|Any CPU
		Release|Any CPU = Release|Any CPU
	EndGlobalSection
	GlobalSection(ProjectConfigurationPlatforms) = postSolution
		{9165BFE1-5B4C-477B-AA8B-CB31015236D7}.Debug|Any CPU.ActiveCfg = Debug|Any CPU
		{9165BFE1-5B4C-477B-AA8B-CB31015236D7}.Debug|Any CPU.Build.0 = Debug|Any CPU
		{9165BFE1-5B4C-477B-AA8B-CB31015236D7}.Release|Any CPU.ActiveCfg = Release|Any CPU
		{9165BFE1-5B4C-477B-AA8B-CB31015236D7}.Release|Any CPU.Build.0 = Release|Any CPU
		{51462087-40A6-405B-843B-845FBEC9606B}.Debug|Any CPU.ActiveCfg = Debug|Any CPU
		{51462087-40A6-405B-843B-845FBEC9606B}.Debug|Any CPU.Build.0 = Debug|Any CPU
		{51462087-40A6-405B-843B-845FBEC9606B}.Release|Any CPU.ActiveCfg = Release|Any CPU
		{51462087-40A6-405B-843B-845FBEC9606B}.Release|Any CPU.Build.0 = Release|Any CPU
	EndGlobalSection
EndGlobal
